// !$*UTF8*$!
{
	archiveVersion = 1;
	classes = {
	};
	objectVersion = 46;
	objects = {

/* Begin PBXBuildFile section */
		F7F4EA7D1992AAF500740B5D /* AppDelegate.swift in Sources */ = {isa = PBXBuildFile; fileRef = F7F4EA7C1992AAF500740B5D /* AppDelegate.swift */; };
		F7F4EA821992AAF500740B5D /* ViewController.swift in Sources */ = {isa = PBXBuildFile; fileRef = F7F4EA811992AAF500740B5D /* ViewController.swift */; };
		F7F4EA851992AAF500740B5D /* Main.storyboard in Resources */ = {isa = PBXBuildFile; fileRef = F7F4EA831992AAF500740B5D /* Main.storyboard */; };
		F7F4EA871992AAF500740B5D /* Images.xcassets in Resources */ = {isa = PBXBuildFile; fileRef = F7F4EA861992AAF500740B5D /* Images.xcassets */; };
		F7F4EA931992AAF500740B5D /* swipingCardsTests.swift in Sources */ = {isa = PBXBuildFile; fileRef = F7F4EA921992AAF500740B5D /* swipingCardsTests.swift */; };
		F7F4EA9D1992AB9000740B5D /* PageContentViewController.swift in Sources */ = {isa = PBXBuildFile; fileRef = F7F4EA9C1992AB9000740B5D /* PageContentViewController.swift */; };
/* End PBXBuildFile section */

/* Begin PBXContainerItemProxy section */
		F7F4EA8D1992AAF500740B5D /* PBXContainerItemProxy */ = {
			isa = PBXContainerItemProxy;
			containerPortal = F7F4EA6F1992AAF500740B5D /* Project object */;
			proxyType = 1;
			remoteGlobalIDString = F7F4EA761992AAF500740B5D;
			remoteInfo = swipingCards;
		};
/* End PBXContainerItemProxy section */

/* Begin PBXFileReference section */
		F7F4EA771992AAF500740B5D /* swipingCards.app */ = {isa = PBXFileReference; explicitFileType = wrapper.application; includeInIndex = 0; path = swipingCards.app; sourceTree = BUILT_PRODUCTS_DIR; };
		F7F4EA7B1992AAF500740B5D /* Info.plist */ = {isa = PBXFileReference; lastKnownFileType = text.plist.xml; path = Info.plist; sourceTree = "<group>"; };
		F7F4EA7C1992AAF500740B5D /* AppDelegate.swift */ = {isa = PBXFileReference; lastKnownFileType = sourcecode.swift; path = AppDelegate.swift; sourceTree = "<group>"; };
		F7F4EA811992AAF500740B5D /* ViewController.swift */ = {isa = PBXFileReference; lastKnownFileType = sourcecode.swift; path = ViewController.swift; sourceTree = "<group>"; };
		F7F4EA841992AAF500740B5D /* Base */ = {isa = PBXFileReference; lastKnownFileType = file.storyboard; name = Base; path = Base.lproj/Main.storyboard; sourceTree = "<group>"; };
		F7F4EA861992AAF500740B5D /* Images.xcassets */ = {isa = PBXFileReference; lastKnownFileType = folder.assetcatalog; path = Images.xcassets; sourceTree = "<group>"; };
		F7F4EA8C1992AAF500740B5D /* swipingCardsTests.xctest */ = {isa = PBXFileReference; explicitFileType = wrapper.cfbundle; includeInIndex = 0; path = swipingCardsTests.xctest; sourceTree = BUILT_PRODUCTS_DIR; };
		F7F4EA911992AAF500740B5D /* Info.plist */ = {isa = PBXFileReference; lastKnownFileType = text.plist.xml; path = Info.plist; sourceTree = "<group>"; };
		F7F4EA921992AAF500740B5D /* swipingCardsTests.swift */ = {isa = PBXFileReference; lastKnownFileType = sourcecode.swift; path = swipingCardsTests.swift; sourceTree = "<group>"; };
		F7F4EA9C1992AB9000740B5D /* PageContentViewController.swift */ = {isa = PBXFileReference; fileEncoding = 4; lastKnownFileType = sourcecode.swift; path = PageContentViewController.swift; sourceTree = "<group>"; };
/* End PBXFileReference section */

/* Begin PBXFrameworksBuildPhase section */
		F7F4EA741992AAF500740B5D /* Frameworks */ = {
			isa = PBXFrameworksBuildPhase;
			buildActionMask = 2147483647;
			files = (
			);
			runOnlyForDeploymentPostprocessing = 0;
		};
		F7F4EA891992AAF500740B5D /* Frameworks */ = {
			isa = PBXFrameworksBuildPhase;
			buildActionMask = 2147483647;
			files = (
			);
			runOnlyForDeploymentPostprocessing = 0;
		};
/* End PBXFrameworksBuildPhase section */

/* Begin PBXGroup section */
		F7F4EA6E1992AAF500740B5D = {
			isa = PBXGroup;
			children = (
				F7F4EA791992AAF500740B5D /* swipingCards */,
				F7F4EA8F1992AAF500740B5D /* swipingCardsTests */,
				F7F4EA781992AAF500740B5D /* Products */,
			);
			sourceTree = "<group>";
		};
		F7F4EA781992AAF500740B5D /* Products */ = {
			isa = PBXGroup;
			children = (
				F7F4EA771992AAF500740B5D /* swipingCards.app */,
				F7F4EA8C1992AAF500740B5D /* swipingCardsTests.xctest */,
			);
			name = Products;
			sourceTree = "<group>";
		};
		F7F4EA791992AAF500740B5D /* swipingCards */ = {
			isa = PBXGroup;
			children = (
				F7F4EA7C1992AAF500740B5D /* AppDelegate.swift */,
				F7F4EA811992AAF500740B5D /* ViewController.swift */,
				F7F4EA9C1992AB9000740B5D /* PageContentViewController.swift */,
				F7F4EA831992AAF500740B5D /* Main.storyboard */,
				F7F4EA861992AAF500740B5D /* Images.xcassets */,
				F7F4EA7A1992AAF500740B5D /* Supporting Files */,
			);
			path = swipingCards;
			sourceTree = "<group>";
		};
		F7F4EA7A1992AAF500740B5D /* Supporting Files */ = {
			isa = PBXGroup;
			children = (
				F7F4EA7B1992AAF500740B5D /* Info.plist */,
			);
			name = "Supporting Files";
			sourceTree = "<group>";
		};
		F7F4EA8F1992AAF500740B5D /* swipingCardsTests */ = {
			isa = PBXGroup;
			children = (
				F7F4EA921992AAF500740B5D /* swipingCardsTests.swift */,
				F7F4EA901992AAF500740B5D /* Supporting Files */,
			);
			path = swipingCardsTests;
			sourceTree = "<group>";
		};
		F7F4EA901992AAF500740B5D /* Supporting Files */ = {
			isa = PBXGroup;
			children = (
				F7F4EA911992AAF500740B5D /* Info.plist */,
			);
			name = "Supporting Files";
			sourceTree = "<group>";
		};
/* End PBXGroup section */

/* Begin PBXNativeTarget section */
		F7F4EA761992AAF500740B5D /* swipingCards */ = {
			isa = PBXNativeTarget;
			buildConfigurationList = F7F4EA961992AAF500740B5D /* Build configuration list for PBXNativeTarget "swipingCards" */;
			buildPhases = (
				F7F4EA731992AAF500740B5D /* Sources */,
				F7F4EA741992AAF500740B5D /* Frameworks */,
				F7F4EA751992AAF500740B5D /* Resources */,
			);
			buildRules = (
			);
			dependencies = (
			);
			name = swipingCards;
			productName = swipingCards;
			productReference = F7F4EA771992AAF500740B5D /* swipingCards.app */;
			productType = "com.apple.product-type.application";
		};
		F7F4EA8B1992AAF500740B5D /* swipingCardsTests */ = {
			isa = PBXNativeTarget;
			buildConfigurationList = F7F4EA991992AAF500740B5D /* Build configuration list for PBXNativeTarget "swipingCardsTests" */;
			buildPhases = (
				F7F4EA881992AAF500740B5D /* Sources */,
				F7F4EA891992AAF500740B5D /* Frameworks */,
				F7F4EA8A1992AAF500740B5D /* Resources */,
			);
			buildRules = (
			);
			dependencies = (
				F7F4EA8E1992AAF500740B5D /* PBXTargetDependency */,
			);
			name = swipingCardsTests;
			productName = swipingCardsTests;
			productReference = F7F4EA8C1992AAF500740B5D /* swipingCardsTests.xctest */;
			productType = "com.apple.product-type.bundle.unit-test";
		};
/* End PBXNativeTarget section */

/* Begin PBXProject section */
		F7F4EA6F1992AAF500740B5D /* Project object */ = {
			isa = PBXProject;
			attributes = {
				LastUpgradeCheck = 0600;
				ORGANIZATIONNAME = APG;
				TargetAttributes = {
					F7F4EA761992AAF500740B5D = {
						CreatedOnToolsVersion = 6.0;
					};
					F7F4EA8B1992AAF500740B5D = {
						CreatedOnToolsVersion = 6.0;
						TestTargetID = F7F4EA761992AAF500740B5D;
					};
				};
			};
			buildConfigurationList = F7F4EA721992AAF500740B5D /* Build configuration list for PBXProject "swipingCards" */;
			compatibilityVersion = "Xcode 3.2";
			developmentRegion = English;
			hasScannedForEncodings = 0;
			knownRegions = (
				en,
				Base,
			);
			mainGroup = F7F4EA6E1992AAF500740B5D;
			productRefGroup = F7F4EA781992AAF500740B5D /* Products */;
			projectDirPath = "";
			projectRoot = "";
			targets = (
				F7F4EA761992AAF500740B5D /* swipingCards */,
				F7F4EA8B1992AAF500740B5D /* swipingCardsTests */,
			);
		};
/* End PBXProject section */

/* Begin PBXResourcesBuildPhase section */
		F7F4EA751992AAF500740B5D /* Resources */ = {
			isa = PBXResourcesBuildPhase;
			buildActionMask = 2147483647;
			files = (
				F7F4EA851992AAF500740B5D /* Main.storyboard in Resources */,
				F7F4EA871992AAF500740B5D /* Images.xcassets in Resources */,
			);
			runOnlyForDeploymentPostprocessing = 0;
		};
		F7F4EA8A1992AAF500740B5D /* Resources */ = {
			isa = PBXResourcesBuildPhase;
			buildActionMask = 2147483647;
			files = (
			);
			runOnlyForDeploymentPostprocessing = 0;
		};
/* End PBXResourcesBuildPhase section */

/* Begin PBXSourcesBuildPhase section */
		F7F4EA731992AAF500740B5D /* Sources */ = {
			isa = PBXSourcesBuildPhase;
			buildActionMask = 2147483647;
			files = (
				F7F4EA821992AAF500740B5D /* ViewController.swift in Sources */,
				F7F4EA9D1992AB9000740B5D /* PageContentViewController.swift in Sources */,
				F7F4EA7D1992AAF500740B5D /* AppDelegate.swift in Sources */,
			);
			runOnlyForDeploymentPostprocessing = 0;
		};
		F7F4EA881992AAF500740B5D /* Sources */ = {
			isa = PBXSourcesBuildPhase;
			buildActionMask = 2147483647;
			files = (
				F7F4EA931992AAF500740B5D /* swipingCardsTests.swift in Sources */,
			);
			runOnlyForDeploymentPostprocessing = 0;
		};
/* End PBXSourcesBuildPhase section */

/* Begin PBXTargetDependency section */
		F7F4EA8E1992AAF500740B5D /* PBXTargetDependency */ = {
			isa = PBXTargetDependency;
			target = F7F4EA761992AAF500740B5D /* swipingCards */;
			targetProxy = F7F4EA8D1992AAF500740B5D /* PBXContainerItemProxy */;
		};
/* End PBXTargetDependency section */

/* Begin PBXVariantGroup section */
		F7F4EA831992AAF500740B5D /* Main.storyboard */ = {
			isa = PBXVariantGroup;
			children = (
				F7F4EA841992AAF500740B5D /* Base */,
			);
			name = Main.storyboard;
			sourceTree = "<group>";
		};
/* End PBXVariantGroup section */

/* Begin XCBuildConfiguration section */
		F7F4EA941992AAF500740B5D /* Debug */ = {
			isa = XCBuildConfiguration;
			buildSettings = {
				ALWAYS_SEARCH_USER_PATHS = NO;
				CLANG_CXX_LANGUAGE_STANDARD = "gnu++0x";
				CLANG_CXX_LIBRARY = "libc++";
				CLANG_ENABLE_MODULES = YES;
				CLANG_ENABLE_OBJC_ARC = YES;
				CLANG_WARN_BOOL_CONVERSION = YES;
				CLANG_WARN_CONSTANT_CONVERSION = YES;
				CLANG_WARN_DIRECT_OBJC_ISA_USAGE = YES_ERROR;
				CLANG_WARN_EMPTY_BODY = YES;
				CLANG_WARN_ENUM_CONVERSION = YES;
				CLANG_WARN_INT_CONVERSION = YES;
				CLANG_WARN_OBJC_ROOT_CLASS = YES_ERROR;
				CLANG_WARN_UNREACHABLE_CODE = YES;
				CLANG_WARN__DUPLICATE_METHOD_MATCH = YES;
				"CODE_SIGN_IDENTITY[sdk=iphoneos*]" = "iPhone Developer";
				COPY_PHASE_STRIP = NO;
				ENABLE_STRICT_OBJC_MSGSEND = YES;
				GCC_C_LANGUAGE_STANDARD = gnu99;
				GCC_DYNAMIC_NO_PIC = NO;
				GCC_OPTIMIZATION_LEVEL = 0;
				GCC_PREPROCESSOR_DEFINITIONS = (
					"DEBUG=1",
					"$(inherited)",
				);
				GCC_SYMBOLS_PRIVATE_EXTERN = NO;
				GCC_WARN_64_TO_32_BIT_CONVERSION = YES;
				GCC_WARN_ABOUT_RETURN_TYPE = YES_ERROR;
				GCC_WARN_UNDECLARED_SELECTOR = YES;
				GCC_WARN_UNINITIALIZED_AUTOS = YES_AGGRESSIVE;
				GCC_WARN_UNUSED_FUNCTION = YES;
				GCC_WARN_UNUSED_VARIABLE = YES;
				IPHONEOS_DEPLOYMENT_TARGET = 8.0;
				MTL_ENABLE_DEBUG_INFO = YES;
				ONLY_ACTIVE_ARCH = YES;
				SDKROOT = iphoneos;
				SWIFT_OPTIMIZATION_LEVEL = "-Onone";
			};
			name = Debug;
		};
		F7F4EA951992AAF500740B5D /* Release */ = {
			isa = XCBuildConfiguration;
			buildSettings = {
				ALWAYS_SEARCH_USER_PATHS = NO;
				CLANG_CXX_LANGUAGE_STANDARD = "gnu++0x";
				CLANG_CXX_LIBRARY = "libc++";
				CLANG_ENABLE_MODULES = YES;
				CLANG_ENABLE_OBJC_ARC = YES;
				CLANG_WARN_BOOL_CONVERSION = YES;
				CLANG_WARN_CONSTANT_CONVERSION = YES;
				CLANG_WARN_DIRECT_OBJC_ISA_USAGE = YES_ERROR;
				CLANG_WARN_EMPTY_BODY = YES;
				CLANG_WARN_ENUM_CONVERSION = YES;
				CLANG_WARN_INT_CONVERSION = YES;
				CLANG_WARN_OBJC_ROOT_CLASS = YES_ERROR;
				CLANG_WARN_UNREACHABLE_CODE = YES;
				CLANG_WARN__DUPLICATE_METHOD_MATCH = YES;
				"CODE_SIGN_IDENTITY[sdk=iphoneos*]" = "iPhone Developer";
				COPY_PHASE_STRIP = YES;
				ENABLE_NS_ASSERTIONS = NO;
				ENABLE_STRICT_OBJC_MSGSEND = YES;
				GCC_C_LANGUAGE_STANDARD = gnu99;
				GCC_WARN_64_TO_32_BIT_CONVERSION = YES;
				GCC_WARN_ABOUT_RETURN_TYPE = YES_ERROR;
				GCC_WARN_UNDECLARED_SELECTOR = YES;
				GCC_WARN_UNINITIALIZED_AUTOS = YES_AGGRESSIVE;
				GCC_WARN_UNUSED_FUNCTION = YES;
				GCC_WARN_UNUSED_VARIABLE = YES;
				IPHONEOS_DEPLOYMENT_TARGET = 8.0;
				MTL_ENABLE_DEBUG_INFO = NO;
				SDKROOT = iphoneos;
				VALIDATE_PRODUCT = YES;
			};
			name = Release;
		};
		F7F4EA971992AAF500740B5D /* Debug */ = {
			isa = XCBuildConfiguration;
			buildSettings = {
				ASSETCATALOG_COMPILER_APPICON_NAME = AppIcon;
				ASSETCATALOG_COMPILER_LAUNCHIMAGE_NAME = LaunchImage;
				INFOPLIST_FILE = swipingCards/Info.plist;
				LD_RUNPATH_SEARCH_PATHS = "$(inherited) @executable_path/Frameworks";
				PRODUCT_NAME = "$(TARGET_NAME)";
			};
			name = Debug;
		};
		F7F4EA981992AAF500740B5D /* Release */ = {
			isa = XCBuildConfiguration;
			buildSettings = {
				ASSETCATALOG_COMPILER_APPICON_NAME = AppIcon;
				ASSETCATALOG_COMPILER_LAUNCHIMAGE_NAME = LaunchImage;
				INFOPLIST_FILE = swipingCards/Info.plist;
				LD_RUNPATH_SEARCH_PATHS = "$(inherited) @executable_path/Frameworks";
				PRODUCT_NAME = "$(TARGET_NAME)";
			};
			name = Release;
		};
		F7F4EA9A1992AAF500740B5D /* Debug */ = {
			isa = XCBuildConfiguration;
			buildSettings = {
				BUNDLE_LOADER = "$(TEST_HOST)";
				FRAMEWORK_SEARCH_PATHS = (
					"$(SDKROOT)/Developer/Library/Frameworks",
					"$(inherited)",
				);
				GCC_PREPROCESSOR_DEFINITIONS = (
					"DEBUG=1",
					"$(inherited)",
				);
				INFOPLIST_FILE = swipingCardsTests/Info.plist;
				LD_RUNPATH_SEARCH_PATHS = "$(inherited) @executable_path/Frameworks @loader_path/Frameworks";
				PRODUCT_NAME = "$(TARGET_NAME)";
				TEST_HOST = "$(BUILT_PRODUCTS_DIR)/swipingCards.app/swipingCards";
			};
			name = Debug;
		};
		F7F4EA9B1992AAF500740B5D /* Release */ = {
			isa = XCBuildConfiguration;
			buildSettings = {
				BUNDLE_LOADER = "$(TEST_HOST)";
				FRAMEWORK_SEARCH_PATHS = (
					"$(SDKROOT)/Developer/Library/Frameworks",
					"$(inherited)",
				);
				INFOPLIST_FILE = swipingCardsTests/Info.plist;
				LD_RUNPATH_SEARCH_PATHS = "$(inherited) @executable_path/Frameworks @loader_path/Frameworks";
				PRODUCT_NAME = "$(TARGET_NAME)";
				TEST_HOST = "$(BUILT_PRODUCTS_DIR)/swipingCards.app/swipingCards";
			};
			name = Release;
		};
/* End XCBuildConfiguration section */

/* Begin XCConfigurationList section */
		F7F4EA721992AAF500740B5D /* Build configuration list for PBXProject "swipingCards" */ = {
			isa = XCConfigurationList;
			buildConfigurations = (
				F7F4EA941992AAF500740B5D /* Debug */,
				F7F4EA951992AAF500740B5D /* Release */,
			);
			defaultConfigurationIsVisible = 0;
			defaultConfigurationName = Release;
		};
		F7F4EA961992AAF500740B5D /* Build configuration list for PBXNativeTarget "swipingCards" */ = {
			isa = XCConfigurationList;
			buildConfigurations = (
				F7F4EA971992AAF500740B5D /* Debug */,
				F7F4EA981992AAF500740B5D /* Release */,
			);
			defaultConfigurationIsVisible = 0;
		};
		F7F4EA991992AAF500740B5D /* Build configuration list for PBXNativeTarget "swipingCardsTests" */ = {
			isa = XCConfigurationList;
			buildConfigurations = (
				F7F4EA9A1992AAF500740B5D /* Debug */,
				F7F4EA9B1992AAF500740B5D /* Release */,
			);
			defaultConfigurationIsVisible = 0;
		};
/* End XCConfigurationList section */
	};
	rootObject = F7F4EA6F1992AAF500740B5D /* Project object */;
}
